
Microsoft Visual Studio Solution File, Format Version 12.00
# Visual Studio Version 17
VisualStudioVersion = 17.8.34330.188
MinimumVisualStudioVersion = 10.0.40219.1
Project("{FAE04EC0-301F-11D3-BF4B-00C04F79EFBC}") = "Module18", "Module18\Module18.csproj", "{415AAF34-FBAF-4EFD-AD84-B585433BC5C0}"
EndProject
Global
	GlobalSection(SolutionConfigurationPlatforms) = preSolution
		Debug|Any CPU = Debug|Any CPU
		Release|Any CPU = Release|Any CPU
	EndGlobalSection
	GlobalSection(ProjectConfigurationPlatforms) = postSolution
		{415AAF34-FBAF-4EFD-AD84-B585433BC5C0}.Debug|Any CPU.ActiveCfg = Debug|Any CPU
		{415AAF34-FBAF-4EFD-AD84-B585433BC5C0}.Debug|Any CPU.Build.0 = Debug|Any CPU
		{415AAF34-FBAF-4EFD-AD84-B585433BC5C0}.Release|Any CPU.ActiveCfg = Release|Any CPU
		{415AAF34-FBAF-4EFD-AD84-B585433BC5C0}.Release|Any CPU.Build.0 = Release|Any CPU
	EndGlobalSection
	GlobalSection(SolutionProperties) = preSolution
		HideSolutionNode = FALSE
	EndGlobalSection
	GlobalSection(ExtensibilityGlobals) = postSolution
		SolutionGuid = {B555C108-0352-44A7-9F08-69547D6E944E}
	EndGlobalSection
EndGlobal
